<?xml version="1.0" encoding="utf-8"?>
<Project ToolsVersion="4.0" xmlns="http://schemas.microsoft.com/developer/msbuild/2003">
  <ItemGroup>
    <Filter Include="Graphics">
      <UniqueIdentifier>{79ea347c-28aa-4af8-83a7-33a6af73d8e3}</UniqueIdentifier>
    </Filter>
    <Filter Include="Support Classes">
      <UniqueIdentifier>{10d259be-b840-40d4-8cac-1f875c83e9e5}</UniqueIdentifier>
    </Filter>
  </ItemGroup>
  <ItemGroup>
    <ClCompile Include="Graphics.cpp">
      <Filter>Graphics</Filter>
    </ClCompile>
    <ClCompile Include="MeshHierarchy.cpp">
      <Filter>Graphics</Filter>
    </ClCompile>
    <ClCompile Include="Camera.cpp">
      <Filter>Support Classes</Filter>
    </ClCompile>
    <ClCompile Include="Utility.cpp">
      <Filter>Support Classes</Filter>
    </ClCompile>
    <ClCompile Include="main.cpp" />
    <ClCompile Include="XFile.cpp">
      <Filter>Graphics</Filter>
    </ClCompile>
  </ItemGroup>
  <ItemGroup>
    <ClInclude Include="Graphics.h">
      <Filter>Graphics</Filter>
    </ClInclude>
    <ClInclude Include="MeshHierarchy.h">
      <Filter>Graphics</Filter>
    </ClInclude>
    <ClInclude Include="MeshStructures.h">
      <Filter>Graphics</Filter>
    </ClInclude>
    <ClInclude Include="Camera.h">
      <Filter>Support Classes</Filter>
    </ClInclude>
    <ClInclude Include="Utility.h">
      <Filter>Support Classes</Filter>
    </ClInclude>
    <ClInclude Include="XFile.h">
      <Filter>Graphics</Filter>
    </ClInclude>
  </ItemGroup>
</Project>