
Microsoft Visual Studio Solution File, Format Version 12.00
# Visual Studio 2012
<<<<<<< HEAD
Project("{8BC9CEB8-8B4A-11D0-8D11-00A0C91BC942}") = "XFileAnimation", "XFileAnimation\XFileAnimation.vcxproj", "{4DA88F76-5277-429C-A0B5-3573895E9F0B}"
=======
Project("{8BC9CEB8-8B4A-11D0-8D11-00A0C91BC942}") = "XViewer", "XViewer\XViewer.vcxproj", "{7D314BF8-E361-4234-86E2-43CF9B05216E}"
>>>>>>> origin/master
EndProject
Global
	GlobalSection(SolutionConfigurationPlatforms) = preSolution
		Debug|Win32 = Debug|Win32
		Release|Win32 = Release|Win32
	EndGlobalSection
	GlobalSection(ProjectConfigurationPlatforms) = postSolution
<<<<<<< HEAD
		{4DA88F76-5277-429C-A0B5-3573895E9F0B}.Debug|Win32.ActiveCfg = Debug|Win32
		{4DA88F76-5277-429C-A0B5-3573895E9F0B}.Debug|Win32.Build.0 = Debug|Win32
		{4DA88F76-5277-429C-A0B5-3573895E9F0B}.Release|Win32.ActiveCfg = Release|Win32
		{4DA88F76-5277-429C-A0B5-3573895E9F0B}.Release|Win32.Build.0 = Release|Win32
=======
		{7D314BF8-E361-4234-86E2-43CF9B05216E}.Debug|Win32.ActiveCfg = Debug|Win32
		{7D314BF8-E361-4234-86E2-43CF9B05216E}.Debug|Win32.Build.0 = Debug|Win32
		{7D314BF8-E361-4234-86E2-43CF9B05216E}.Release|Win32.ActiveCfg = Release|Win32
		{7D314BF8-E361-4234-86E2-43CF9B05216E}.Release|Win32.Build.0 = Release|Win32
>>>>>>> origin/master
	EndGlobalSection
	GlobalSection(SolutionProperties) = preSolution
		HideSolutionNode = FALSE
	EndGlobalSection
EndGlobal
